
Microsoft Visual Studio Solution File, Format Version 12.00
# Visual Studio Version 16
VisualStudioVersion = 16.0.29102.190
MinimumVisualStudioVersion = 10.0.40219.1
Project("{FAE04EC0-301F-11D3-BF4B-00C04F79EFBC}") = "TranslateHelp", "TranslateHelp\TranslateHelp.csproj", "{EEFA7381-184B-45E7-83E1-55BF5A5038D0}"
EndProject
Global
	GlobalSection(SolutionConfigurationPlatforms) = preSolution
		Debug|Any CPU = Debug|Any CPU
		Release|Any CPU = Release|Any CPU
	EndGlobalSection
	GlobalSection(ProjectConfigurationPlatforms) = postSolution
		{EEFA7381-184B-45E7-83E1-55BF5A5038D0}.Debug|Any CPU.ActiveCfg = Debug|Any CPU
		{EEFA7381-184B-45E7-83E1-55BF5A5038D0}.Debug|Any CPU.Build.0 = Debug|Any CPU
		{EEFA7381-184B-45E7-83E1-55BF5A5038D0}.Release|Any CPU.ActiveCfg = Release|Any CPU
		{EEFA7381-184B-45E7-83E1-55BF5A5038D0}.Release|Any CPU.Build.0 = Release|Any CPU
	EndGlobalSection
	GlobalSection(SolutionProperties) = preSolution
		HideSolutionNode = FALSE
	EndGlobalSection
	GlobalSection(ExtensibilityGlobals) = postSolution
		SolutionGuid = {75CA5B22-F060-466E-80DA-4939DCF6F896}
	EndGlobalSection
EndGlobal
